
Microsoft Visual Studio Solution File, Format Version 12.00
# Visual Studio Version 16
VisualStudioVersion = 16.0.29418.71
MinimumVisualStudioVersion = 10.0.40219.1
Project("{FAE04EC0-301F-11D3-BF4B-00C04F79EFBC}") = "AdvancedLambdaEpressions", "AdvancedLambdaEpressions\AdvancedLambdaEpressions.csproj", "{551D3E4C-B00E-4B5D-BCCD-C3B383AC8B9A}"
EndProject
Global
	GlobalSection(SolutionConfigurationPlatforms) = preSolution
		Debug|Any CPU = Debug|Any CPU
		Release|Any CPU = Release|Any CPU
	EndGlobalSection
	GlobalSection(ProjectConfigurationPlatforms) = postSolution
		{551D3E4C-B00E-4B5D-BCCD-C3B383AC8B9A}.Debug|Any CPU.ActiveCfg = Debug|Any CPU
		{551D3E4C-B00E-4B5D-BCCD-C3B383AC8B9A}.Debug|Any CPU.Build.0 = Debug|Any CPU
		{551D3E4C-B00E-4B5D-BCCD-C3B383AC8B9A}.Release|Any CPU.ActiveCfg = Release|Any CPU
		{551D3E4C-B00E-4B5D-BCCD-C3B383AC8B9A}.Release|Any CPU.Build.0 = Release|Any CPU
	EndGlobalSection
	GlobalSection(SolutionProperties) = preSolution
		HideSolutionNode = FALSE
	EndGlobalSection
	GlobalSection(ExtensibilityGlobals) = postSolution
		SolutionGuid = {43B7A2D8-E19E-44A4-8501-945C85D5C939}
	EndGlobalSection
EndGlobal
